
Microsoft Visual Studio Solution File, Format Version 12.00
# Visual Studio Version 16
VisualStudioVersion = 16.0.31729.503
MinimumVisualStudioVersion = 10.0.40219.1
Project("{FAE04EC0-301F-11D3-BF4B-00C04F79EFBC}") = "Aula10", "Aula10.csproj", "{BCA16EED-94C8-491A-87F5-91B6E9EB4552}"
EndProject
Global
	GlobalSection(SolutionConfigurationPlatforms) = preSolution
		Debug|Any CPU = Debug|Any CPU
		Release|Any CPU = Release|Any CPU
	EndGlobalSection
	GlobalSection(ProjectConfigurationPlatforms) = postSolution
		{BCA16EED-94C8-491A-87F5-91B6E9EB4552}.Debug|Any CPU.ActiveCfg = Debug|Any CPU
		{BCA16EED-94C8-491A-87F5-91B6E9EB4552}.Debug|Any CPU.Build.0 = Debug|Any CPU
		{BCA16EED-94C8-491A-87F5-91B6E9EB4552}.Release|Any CPU.ActiveCfg = Release|Any CPU
		{BCA16EED-94C8-491A-87F5-91B6E9EB4552}.Release|Any CPU.Build.0 = Release|Any CPU
	EndGlobalSection
	GlobalSection(SolutionProperties) = preSolution
		HideSolutionNode = FALSE
	EndGlobalSection
	GlobalSection(ExtensibilityGlobals) = postSolution
		SolutionGuid = {30963404-B210-4895-B949-31FB30CA7DD2}
	EndGlobalSection
EndGlobal
