
Microsoft Visual Studio Solution File, Format Version 12.00
# Visual Studio Version 16
VisualStudioVersion = 16.0.31729.503
MinimumVisualStudioVersion = 10.0.40219.1
Project("{9A19103F-16F7-4668-BE54-9A1E7A4F7556}") = "ConsoleApp", "ConsoleApp.csproj", "{CF192159-1AE1-4EA7-88FD-8AA5F0774464}"
EndProject
Project("{2150E333-8FDC-42A3-9474-1A3956D46DE8}") = "App", "App", "{40A5A95F-771C-4E39-8E85-E52DABE59089}"
EndProject
Global
	GlobalSection(SolutionConfigurationPlatforms) = preSolution
		Debug|Any CPU = Debug|Any CPU
		Release|Any CPU = Release|Any CPU
	EndGlobalSection
	GlobalSection(ProjectConfigurationPlatforms) = postSolution
		{CF192159-1AE1-4EA7-88FD-8AA5F0774464}.Debug|Any CPU.ActiveCfg = Debug|Any CPU
		{CF192159-1AE1-4EA7-88FD-8AA5F0774464}.Debug|Any CPU.Build.0 = Debug|Any CPU
		{CF192159-1AE1-4EA7-88FD-8AA5F0774464}.Release|Any CPU.ActiveCfg = Release|Any CPU
		{CF192159-1AE1-4EA7-88FD-8AA5F0774464}.Release|Any CPU.Build.0 = Release|Any CPU
	EndGlobalSection
	GlobalSection(SolutionProperties) = preSolution
		HideSolutionNode = FALSE
	EndGlobalSection
	GlobalSection(NestedProjects) = preSolution
		{CF192159-1AE1-4EA7-88FD-8AA5F0774464} = {40A5A95F-771C-4E39-8E85-E52DABE59089}
	EndGlobalSection
	GlobalSection(ExtensibilityGlobals) = postSolution
		SolutionGuid = {CC7D6D12-3C4E-40C4-9AB5-A124F820D14D}
	EndGlobalSection
EndGlobal
