
Microsoft Visual Studio Solution File, Format Version 12.00
# Visual Studio Version 16
VisualStudioVersion = 16.0.32002.261
MinimumVisualStudioVersion = 10.0.40219.1
Project("{FAE04EC0-301F-11D3-BF4B-00C04F79EFBC}") = "Senha_Cripto", "Senha_Cripto.csproj", "{FBD6D107-BF0C-47AA-8BA6-32212AA7A000}"
EndProject
Global
	GlobalSection(SolutionConfigurationPlatforms) = preSolution
		Debug|Any CPU = Debug|Any CPU
		Release|Any CPU = Release|Any CPU
	EndGlobalSection
	GlobalSection(ProjectConfigurationPlatforms) = postSolution
		{FBD6D107-BF0C-47AA-8BA6-32212AA7A000}.Debug|Any CPU.ActiveCfg = Debug|Any CPU
		{FBD6D107-BF0C-47AA-8BA6-32212AA7A000}.Debug|Any CPU.Build.0 = Debug|Any CPU
		{FBD6D107-BF0C-47AA-8BA6-32212AA7A000}.Release|Any CPU.ActiveCfg = Release|Any CPU
		{FBD6D107-BF0C-47AA-8BA6-32212AA7A000}.Release|Any CPU.Build.0 = Release|Any CPU
	EndGlobalSection
	GlobalSection(SolutionProperties) = preSolution
		HideSolutionNode = FALSE
	EndGlobalSection
	GlobalSection(ExtensibilityGlobals) = postSolution
		SolutionGuid = {08BCB28C-2F86-421D-A1D8-96BC147852D6}
	EndGlobalSection
EndGlobal
