
Microsoft Visual Studio Solution File, Format Version 12.00
# Visual Studio Version 16
VisualStudioVersion = 16.0.31729.503
MinimumVisualStudioVersion = 10.0.40219.1
Project("{FAE04EC0-301F-11D3-BF4B-00C04F79EFBC}") = "Desafio2", "Desafio2.csproj", "{EB47272E-9024-4745-8B5C-3AE50877A0EF}"
EndProject
Global
	GlobalSection(SolutionConfigurationPlatforms) = preSolution
		Debug|Any CPU = Debug|Any CPU
		Release|Any CPU = Release|Any CPU
	EndGlobalSection
	GlobalSection(ProjectConfigurationPlatforms) = postSolution
		{EB47272E-9024-4745-8B5C-3AE50877A0EF}.Debug|Any CPU.ActiveCfg = Debug|Any CPU
		{EB47272E-9024-4745-8B5C-3AE50877A0EF}.Debug|Any CPU.Build.0 = Debug|Any CPU
		{EB47272E-9024-4745-8B5C-3AE50877A0EF}.Release|Any CPU.ActiveCfg = Release|Any CPU
		{EB47272E-9024-4745-8B5C-3AE50877A0EF}.Release|Any CPU.Build.0 = Release|Any CPU
	EndGlobalSection
	GlobalSection(SolutionProperties) = preSolution
		HideSolutionNode = FALSE
	EndGlobalSection
	GlobalSection(ExtensibilityGlobals) = postSolution
		SolutionGuid = {B85F467F-1630-4E0C-AD66-5FC9A60F7FCE}
	EndGlobalSection
EndGlobal
