
Microsoft Visual Studio Solution File, Format Version 12.00
# Visual Studio Version 16
VisualStudioVersion = 16.0.31911.196
MinimumVisualStudioVersion = 10.0.40219.1
Project("{FAE04EC0-301F-11D3-BF4B-00C04F79EFBC}") = "WEB_NETFRAMEWORK", "WEB_NETFRAMEWORK.csproj", "{AA71AF23-E50B-4D36-AB0E-FFF5D92E5887}"
EndProject
Global
	GlobalSection(SolutionConfigurationPlatforms) = preSolution
		Debug|Any CPU = Debug|Any CPU
		Release|Any CPU = Release|Any CPU
	EndGlobalSection
	GlobalSection(ProjectConfigurationPlatforms) = postSolution
		{AA71AF23-E50B-4D36-AB0E-FFF5D92E5887}.Debug|Any CPU.ActiveCfg = Debug|Any CPU
		{AA71AF23-E50B-4D36-AB0E-FFF5D92E5887}.Debug|Any CPU.Build.0 = Debug|Any CPU
		{AA71AF23-E50B-4D36-AB0E-FFF5D92E5887}.Release|Any CPU.ActiveCfg = Release|Any CPU
		{AA71AF23-E50B-4D36-AB0E-FFF5D92E5887}.Release|Any CPU.Build.0 = Release|Any CPU
	EndGlobalSection
	GlobalSection(SolutionProperties) = preSolution
		HideSolutionNode = FALSE
	EndGlobalSection
	GlobalSection(ExtensibilityGlobals) = postSolution
		SolutionGuid = {7B961264-ACD1-4C7B-BEA8-BB6C8D37525A}
	EndGlobalSection
EndGlobal
