
Microsoft Visual Studio Solution File, Format Version 12.00
# Visual Studio Version 16
VisualStudioVersion = 16.0.31729.503
MinimumVisualStudioVersion = 10.0.40219.1
Project("{9A19103F-16F7-4668-BE54-9A1E7A4F7556}") = "Previsao_Blazor", "Previsao_Blazor.csproj", "{A0FE1A5B-287A-43FD-A11F-B66AB37D5592}"
EndProject
Global
	GlobalSection(SolutionConfigurationPlatforms) = preSolution
		Debug|Any CPU = Debug|Any CPU
		Release|Any CPU = Release|Any CPU
	EndGlobalSection
	GlobalSection(ProjectConfigurationPlatforms) = postSolution
		{A0FE1A5B-287A-43FD-A11F-B66AB37D5592}.Debug|Any CPU.ActiveCfg = Debug|Any CPU
		{A0FE1A5B-287A-43FD-A11F-B66AB37D5592}.Debug|Any CPU.Build.0 = Debug|Any CPU
		{A0FE1A5B-287A-43FD-A11F-B66AB37D5592}.Release|Any CPU.ActiveCfg = Release|Any CPU
		{A0FE1A5B-287A-43FD-A11F-B66AB37D5592}.Release|Any CPU.Build.0 = Release|Any CPU
	EndGlobalSection
	GlobalSection(SolutionProperties) = preSolution
		HideSolutionNode = FALSE
	EndGlobalSection
	GlobalSection(ExtensibilityGlobals) = postSolution
		SolutionGuid = {732449F9-B5C8-4352-AC70-3D01FE3A76C0}
	EndGlobalSection
EndGlobal
