
Microsoft Visual Studio Solution File, Format Version 12.00
# Visual Studio Version 16
VisualStudioVersion = 16.0.31911.196
MinimumVisualStudioVersion = 10.0.40219.1
Project("{FAE04EC0-301F-11D3-BF4B-00C04F79EFBC}") = "ControleDinamico", "ControleDinamico.csproj", "{41BC7CBB-8F00-4D29-86B6-86701FFA198D}"
EndProject
Global
	GlobalSection(SolutionConfigurationPlatforms) = preSolution
		Debug|Any CPU = Debug|Any CPU
		Release|Any CPU = Release|Any CPU
	EndGlobalSection
	GlobalSection(ProjectConfigurationPlatforms) = postSolution
		{41BC7CBB-8F00-4D29-86B6-86701FFA198D}.Debug|Any CPU.ActiveCfg = Debug|Any CPU
		{41BC7CBB-8F00-4D29-86B6-86701FFA198D}.Debug|Any CPU.Build.0 = Debug|Any CPU
		{41BC7CBB-8F00-4D29-86B6-86701FFA198D}.Release|Any CPU.ActiveCfg = Release|Any CPU
		{41BC7CBB-8F00-4D29-86B6-86701FFA198D}.Release|Any CPU.Build.0 = Release|Any CPU
	EndGlobalSection
	GlobalSection(SolutionProperties) = preSolution
		HideSolutionNode = FALSE
	EndGlobalSection
	GlobalSection(ExtensibilityGlobals) = postSolution
		SolutionGuid = {FCDBA54E-F140-4E7A-9289-D2BCDFC7DD7D}
	EndGlobalSection
EndGlobal
