
Microsoft Visual Studio Solution File, Format Version 12.00
# Visual Studio Version 16
VisualStudioVersion = 16.0.31729.503
MinimumVisualStudioVersion = 10.0.40219.1
Project("{FAE04EC0-301F-11D3-BF4B-00C04F79EFBC}") = "SQL_Blazor", "SQL_Blazor.csproj", "{B9547FBA-69B4-4814-A4E9-AFADC9957AED}"
EndProject
Global
	GlobalSection(SolutionConfigurationPlatforms) = preSolution
		Debug|Any CPU = Debug|Any CPU
		Release|Any CPU = Release|Any CPU
	EndGlobalSection
	GlobalSection(ProjectConfigurationPlatforms) = postSolution
		{B9547FBA-69B4-4814-A4E9-AFADC9957AED}.Debug|Any CPU.ActiveCfg = Debug|Any CPU
		{B9547FBA-69B4-4814-A4E9-AFADC9957AED}.Debug|Any CPU.Build.0 = Debug|Any CPU
		{B9547FBA-69B4-4814-A4E9-AFADC9957AED}.Release|Any CPU.ActiveCfg = Release|Any CPU
		{B9547FBA-69B4-4814-A4E9-AFADC9957AED}.Release|Any CPU.Build.0 = Release|Any CPU
	EndGlobalSection
	GlobalSection(SolutionProperties) = preSolution
		HideSolutionNode = FALSE
	EndGlobalSection
	GlobalSection(ExtensibilityGlobals) = postSolution
		SolutionGuid = {CF8E287D-374B-4C47-BA4F-52E656116D86}
	EndGlobalSection
EndGlobal
